
Microsoft Visual Studio Solution File, Format Version 12.00
# Visual Studio Version 16
VisualStudioVersion = 16.0.31624.102
MinimumVisualStudioVersion = 10.0.40219.1
Project("{8BC9CEB8-8B4A-11D0-8D11-00A0C91BC942}") = "Driver", "Driver\Driver.vcxproj", "{2BC9C890-EE95-4219-AC58-872DDB9D7F5E}"
EndProject
Project("{8BC9CEB8-8B4A-11D0-8D11-00A0C91BC942}") = "Userland", "Userland\Userland.vcxproj", "{403CCF71-C4D3-4B5F-ABB1-2B3C2CCC8C45}"
EndProject
Project("{8BC9CEB8-8B4A-11D0-8D11-00A0C91BC942}") = "Dumper", "Dumper\Dumper\Dumper.vcxproj", "{4E175DB2-CFFD-48F9-888F-AF140E44068D}"
EndProject
Global
	GlobalSection(SolutionConfigurationPlatforms) = preSolution
		Debug|ARM = Debug|ARM
		Debug|ARM64 = Debug|ARM64
		Debug|x64 = Debug|x64
		Debug|x86 = Debug|x86
		Release|ARM = Release|ARM
		Release|ARM64 = Release|ARM64
		Release|x64 = Release|x64
		Release|x86 = Release|x86
	EndGlobalSection
	GlobalSection(ProjectConfigurationPlatforms) = postSolution
		{2BC9C890-EE95-4219-AC58-872DDB9D7F5E}.Debug|ARM.ActiveCfg = Debug|ARM
		{2BC9C890-EE95-4219-AC58-872DDB9D7F5E}.Debug|ARM.Build.0 = Debug|ARM
		{2BC9C890-EE95-4219-AC58-872DDB9D7F5E}.Debug|ARM.Deploy.0 = Debug|ARM
		{2BC9C890-EE95-4219-AC58-872DDB9D7F5E}.Debug|ARM64.ActiveCfg = Debug|ARM64
		{2BC9C890-EE95-4219-AC58-872DDB9D7F5E}.Debug|ARM64.Build.0 = Debug|ARM64
		{2BC9C890-EE95-4219-AC58-872DDB9D7F5E}.Debug|ARM64.Deploy.0 = Debug|ARM64
		{2BC9C890-EE95-4219-AC58-872DDB9D7F5E}.Debug|x64.ActiveCfg = Debug|x64
		{2BC9C890-EE95-4219-AC58-872DDB9D7F5E}.Debug|x64.Build.0 = Debug|x64
		{2BC9C890-EE95-4219-AC58-872DDB9D7F5E}.Debug|x64.Deploy.0 = Debug|x64
		{2BC9C890-EE95-4219-AC58-872DDB9D7F5E}.Debug|x86.ActiveCfg = Debug|Win32
		{2BC9C890-EE95-4219-AC58-872DDB9D7F5E}.Debug|x86.Build.0 = Debug|Win32
		{2BC9C890-EE95-4219-AC58-872DDB9D7F5E}.Debug|x86.Deploy.0 = Debug|Win32
		{2BC9C890-EE95-4219-AC58-872DDB9D7F5E}.Release|ARM.ActiveCfg = Release|ARM
		{2BC9C890-EE95-4219-AC58-872DDB9D7F5E}.Release|ARM.Build.0 = Release|ARM
		{2BC9C890-EE95-4219-AC58-872DDB9D7F5E}.Release|ARM.Deploy.0 = Release|ARM
		{2BC9C890-EE95-4219-AC58-872DDB9D7F5E}.Release|ARM64.ActiveCfg = Release|ARM64
		{2BC9C890-EE95-4219-AC58-872DDB9D7F5E}.Release|ARM64.Build.0 = Release|ARM64
		{2BC9C890-EE95-4219-AC58-872DDB9D7F5E}.Release|ARM64.Deploy.0 = Release|ARM64
		{2BC9C890-EE95-4219-AC58-872DDB9D7F5E}.Release|x64.ActiveCfg = Release|x64
		{2BC9C890-EE95-4219-AC58-872DDB9D7F5E}.Release|x64.Build.0 = Release|x64
		{2BC9C890-EE95-4219-AC58-872DDB9D7F5E}.Release|x64.Deploy.0 = Release|x64
		{2BC9C890-EE95-4219-AC58-872DDB9D7F5E}.Release|x86.ActiveCfg = Release|Win32
		{2BC9C890-EE95-4219-AC58-872DDB9D7F5E}.Release|x86.Build.0 = Release|Win32
		{2BC9C890-EE95-4219-AC58-872DDB9D7F5E}.Release|x86.Deploy.0 = Release|Win32
		{403CCF71-C4D3-4B5F-ABB1-2B3C2CCC8C45}.Debug|ARM.ActiveCfg = Debug|Win32
		{403CCF71-C4D3-4B5F-ABB1-2B3C2CCC8C45}.Debug|ARM64.ActiveCfg = Debug|Win32
		{403CCF71-C4D3-4B5F-ABB1-2B3C2CCC8C45}.Debug|x64.ActiveCfg = Debug|x64
		{403CCF71-C4D3-4B5F-ABB1-2B3C2CCC8C45}.Debug|x64.Build.0 = Debug|x64
		{403CCF71-C4D3-4B5F-ABB1-2B3C2CCC8C45}.Debug|x86.ActiveCfg = Debug|Win32
		{403CCF71-C4D3-4B5F-ABB1-2B3C2CCC8C45}.Debug|x86.Build.0 = Debug|Win32
		{403CCF71-C4D3-4B5F-ABB1-2B3C2CCC8C45}.Release|ARM.ActiveCfg = Release|Win32
		{403CCF71-C4D3-4B5F-ABB1-2B3C2CCC8C45}.Release|ARM64.ActiveCfg = Release|Win32
		{403CCF71-C4D3-4B5F-ABB1-2B3C2CCC8C45}.Release|x64.ActiveCfg = Release|x64
		{403CCF71-C4D3-4B5F-ABB1-2B3C2CCC8C45}.Release|x64.Build.0 = Release|x64
		{403CCF71-C4D3-4B5F-ABB1-2B3C2CCC8C45}.Release|x86.ActiveCfg = Release|Win32
		{403CCF71-C4D3-4B5F-ABB1-2B3C2CCC8C45}.Release|x86.Build.0 = Release|Win32
		{4E175DB2-CFFD-48F9-888F-AF140E44068D}.Debug|ARM.ActiveCfg = Debug|x64
		{4E175DB2-CFFD-48F9-888F-AF140E44068D}.Debug|ARM64.ActiveCfg = Debug|x64
		{4E175DB2-CFFD-48F9-888F-AF140E44068D}.Debug|x64.ActiveCfg = Debug|x64
		{4E175DB2-CFFD-48F9-888F-AF140E44068D}.Debug|x64.Build.0 = Debug|x64
		{4E175DB2-CFFD-48F9-888F-AF140E44068D}.Debug|x86.ActiveCfg = Debug|x64
		{4E175DB2-CFFD-48F9-888F-AF140E44068D}.Release|ARM.ActiveCfg = Release|x64
		{4E175DB2-CFFD-48F9-888F-AF140E44068D}.Release|ARM64.ActiveCfg = Release|x64
		{4E175DB2-CFFD-48F9-888F-AF140E44068D}.Release|x64.ActiveCfg = Release|x64
		{4E175DB2-CFFD-48F9-888F-AF140E44068D}.Release|x64.Build.0 = Release|x64
		{4E175DB2-CFFD-48F9-888F-AF140E44068D}.Release|x86.ActiveCfg = Release|x64
	EndGlobalSection
	GlobalSection(SolutionProperties) = preSolution
		HideSolutionNode = FALSE
	EndGlobalSection
	GlobalSection(ExtensibilityGlobals) = postSolution
		SolutionGuid = {9CA3F3C4-F47B-4E8B-B25D-96C4ADC57659}
	EndGlobalSection
EndGlobal
